// !$*UTF8*$!
{
	archiveVersion = 1;
	classes = {
	};
	objectVersion = 50;
	objects = {

/* Begin PBXBuildFile section */
		840C42F22258DAB6003C334C /* AppDelegate.swift in Sources */ = {isa = PBXBuildFile; fileRef = 840C42F12258DAB6003C334C /* AppDelegate.swift */; };
		840C42F42258DAB6003C334C /* ChatViewController.swift in Sources */ = {isa = PBXBuildFile; fileRef = 840C42F32258DAB6003C334C /* ChatViewController.swift */; };
		840C42F72258DAB7003C334C /* Main.storyboard in Resources */ = {isa = PBXBuildFile; fileRef = 840C42F52258DAB7003C334C /* Main.storyboard */; };
		840C42F92258DABB003C334C /* Assets.xcassets in Resources */ = {isa = PBXBuildFile; fileRef = 840C42F82258DABB003C334C /* Assets.xcassets */; };
		840C42FC2258DABB003C334C /* LaunchScreen.storyboard in Resources */ = {isa = PBXBuildFile; fileRef = 840C42FA2258DABB003C334C /* LaunchScreen.storyboard */; };
		840C43042258DD9C003C334C /* Message.swift in Sources */ = {isa = PBXBuildFile; fileRef = 840C43032258DD9C003C334C /* Message.swift */; };
		840C43062258DE90003C334C /* Person.swift in Sources */ = {isa = PBXBuildFile; fileRef = 840C43052258DE90003C334C /* Person.swift */; };
		840C43082258E08E003C334C /* mock.swift in Sources */ = {isa = PBXBuildFile; fileRef = 840C43072258E08E003C334C /* mock.swift */; };
		844DD795226376C300F4E896 /* AuthViewController.swift in Sources */ = {isa = PBXBuildFile; fileRef = 844DD794226376C300F4E896 /* AuthViewController.swift */; };
		847A18F7225916980015C4B7 /* User.swift in Sources */ = {isa = PBXBuildFile; fileRef = 847A18F6225916980015C4B7 /* User.swift */; };
		847A190022591EF50015C4B7 /* ChatTableViewCell.swift in Sources */ = {isa = PBXBuildFile; fileRef = 847A18FE22591EF50015C4B7 /* ChatTableViewCell.swift */; };
		847A190122591EF50015C4B7 /* ChatTableViewCell.xib in Resources */ = {isa = PBXBuildFile; fileRef = 847A18FF22591EF50015C4B7 /* ChatTableViewCell.xib */; };
		847A1903225943CD0015C4B7 /* UILabelExtension.swift in Sources */ = {isa = PBXBuildFile; fileRef = 847A1902225943CD0015C4B7 /* UILabelExtension.swift */; };
		84BE3A2F225D2F2400D1C941 /* default.png in Resources */ = {isa = PBXBuildFile; fileRef = 84BE3A2E225D2F2400D1C941 /* default.png */; };
		84DD0831226C673000ACD28E /* AuthPanelView.swift in Sources */ = {isa = PBXBuildFile; fileRef = 84DD0830226C673000ACD28E /* AuthPanelView.swift */; };
		84F2EA9022611FD7008FAE7C /* ChatModelController.swift in Sources */ = {isa = PBXBuildFile; fileRef = 84F2EA8F22611FD7008FAE7C /* ChatModelController.swift */; };
		84F3D6B42259D7E4006B847D /* RootChatListViewContoller.swift in Sources */ = {isa = PBXBuildFile; fileRef = 84F3D6B32259D7E4006B847D /* RootChatListViewContoller.swift */; };
		84F3D6B72259D90D006B847D /* RootChatListTableViewCell.swift in Sources */ = {isa = PBXBuildFile; fileRef = 84F3D6B52259D90D006B847D /* RootChatListTableViewCell.swift */; };
		84F3D6B82259D90D006B847D /* RootChatListTableViewCell.xib in Resources */ = {isa = PBXBuildFile; fileRef = 84F3D6B62259D90D006B847D /* RootChatListTableViewCell.xib */; };
		84F3D6BA2259D9FE006B847D /* Chat.swift in Sources */ = {isa = PBXBuildFile; fileRef = 84F3D6B92259D9FE006B847D /* Chat.swift */; };
		D7B315C32260A616007E9DF0 /* HttpFetch.swift in Sources */ = {isa = PBXBuildFile; fileRef = D7B315C22260A616007E9DF0 /* HttpFetch.swift */; };
/* End PBXBuildFile section */

/* Begin PBXFileReference section */
		840C42EE2258DAB6003C334C /* MessageAR.app */ = {isa = PBXFileReference; explicitFileType = wrapper.application; includeInIndex = 0; path = MessageAR.app; sourceTree = BUILT_PRODUCTS_DIR; };
		840C42F12258DAB6003C334C /* AppDelegate.swift */ = {isa = PBXFileReference; lastKnownFileType = sourcecode.swift; path = AppDelegate.swift; sourceTree = "<group>"; };
		840C42F32258DAB6003C334C /* ChatViewController.swift */ = {isa = PBXFileReference; lastKnownFileType = sourcecode.swift; path = ChatViewController.swift; sourceTree = "<group>"; };
		840C42F62258DAB7003C334C /* Base */ = {isa = PBXFileReference; lastKnownFileType = file.storyboard; name = Base; path = Base.lproj/Main.storyboard; sourceTree = "<group>"; };
		840C42F82258DABB003C334C /* Assets.xcassets */ = {isa = PBXFileReference; lastKnownFileType = folder.assetcatalog; path = Assets.xcassets; sourceTree = "<group>"; };
		840C42FB2258DABB003C334C /* Base */ = {isa = PBXFileReference; lastKnownFileType = file.storyboard; name = Base; path = Base.lproj/LaunchScreen.storyboard; sourceTree = "<group>"; };
		840C42FD2258DABB003C334C /* Info.plist */ = {isa = PBXFileReference; lastKnownFileType = text.plist.xml; path = Info.plist; sourceTree = "<group>"; };
		840C43032258DD9C003C334C /* Message.swift */ = {isa = PBXFileReference; lastKnownFileType = sourcecode.swift; path = Message.swift; sourceTree = "<group>"; };
		840C43052258DE90003C334C /* Person.swift */ = {isa = PBXFileReference; lastKnownFileType = sourcecode.swift; path = Person.swift; sourceTree = "<group>"; };
		840C43072258E08E003C334C /* mock.swift */ = {isa = PBXFileReference; lastKnownFileType = sourcecode.swift; path = mock.swift; sourceTree = "<group>"; };
		844DD794226376C300F4E896 /* AuthViewController.swift */ = {isa = PBXFileReference; lastKnownFileType = sourcecode.swift; path = AuthViewController.swift; sourceTree = "<group>"; };
		847A18F6225916980015C4B7 /* User.swift */ = {isa = PBXFileReference; lastKnownFileType = sourcecode.swift; path = User.swift; sourceTree = "<group>"; };
		847A18FE22591EF50015C4B7 /* ChatTableViewCell.swift */ = {isa = PBXFileReference; lastKnownFileType = sourcecode.swift; path = ChatTableViewCell.swift; sourceTree = "<group>"; };
		847A18FF22591EF50015C4B7 /* ChatTableViewCell.xib */ = {isa = PBXFileReference; lastKnownFileType = file.xib; path = ChatTableViewCell.xib; sourceTree = "<group>"; };
		847A1902225943CD0015C4B7 /* UILabelExtension.swift */ = {isa = PBXFileReference; lastKnownFileType = sourcecode.swift; path = UILabelExtension.swift; sourceTree = "<group>"; };
		84BE3A2E225D2F2400D1C941 /* default.png */ = {isa = PBXFileReference; lastKnownFileType = image.png; path = default.png; sourceTree = "<group>"; };
		84DD0830226C673000ACD28E /* AuthPanelView.swift */ = {isa = PBXFileReference; lastKnownFileType = sourcecode.swift; path = AuthPanelView.swift; sourceTree = "<group>"; };
		84F2EA8F22611FD7008FAE7C /* ChatModelController.swift */ = {isa = PBXFileReference; lastKnownFileType = sourcecode.swift; path = ChatModelController.swift; sourceTree = "<group>"; };
		84F3D6B32259D7E4006B847D /* RootChatListViewContoller.swift */ = {isa = PBXFileReference; lastKnownFileType = sourcecode.swift; path = RootChatListViewContoller.swift; sourceTree = "<group>"; };
		84F3D6B52259D90D006B847D /* RootChatListTableViewCell.swift */ = {isa = PBXFileReference; lastKnownFileType = sourcecode.swift; path = RootChatListTableViewCell.swift; sourceTree = "<group>"; };
		84F3D6B62259D90D006B847D /* RootChatListTableViewCell.xib */ = {isa = PBXFileReference; lastKnownFileType = file.xib; path = RootChatListTableViewCell.xib; sourceTree = "<group>"; };
		84F3D6B92259D9FE006B847D /* Chat.swift */ = {isa = PBXFileReference; lastKnownFileType = sourcecode.swift; path = Chat.swift; sourceTree = "<group>"; };
		D7B315C22260A616007E9DF0 /* HttpFetch.swift */ = {isa = PBXFileReference; lastKnownFileType = sourcecode.swift; path = HttpFetch.swift; sourceTree = "<group>"; };
/* End PBXFileReference section */

/* Begin PBXFrameworksBuildPhase section */
		840C42EB2258DAB6003C334C /* Frameworks */ = {
			isa = PBXFrameworksBuildPhase;
			buildActionMask = 2147483647;
			files = (
			);
			runOnlyForDeploymentPostprocessing = 0;
		};
/* End PBXFrameworksBuildPhase section */

/* Begin PBXGroup section */
		840C42E52258DAB6003C334C = {
			isa = PBXGroup;
			children = (
				840C42F02258DAB6003C334C /* MessageAR */,
				840C42EF2258DAB6003C334C /* Products */,
			);
			sourceTree = "<group>";
		};
		840C42EF2258DAB6003C334C /* Products */ = {
			isa = PBXGroup;
			children = (
				840C42EE2258DAB6003C334C /* MessageAR.app */,
			);
			name = Products;
			sourceTree = "<group>";
		};
		840C42F02258DAB6003C334C /* MessageAR */ = {
			isa = PBXGroup;
			children = (
				84DD082F226C670700ACD28E /* Auth */,
				84BE3A2E225D2F2400D1C941 /* default.png */,
				840C42F12258DAB6003C334C /* AppDelegate.swift */,
				840C42F32258DAB6003C334C /* ChatViewController.swift */,
				840C42F52258DAB7003C334C /* Main.storyboard */,
				840C42F82258DABB003C334C /* Assets.xcassets */,
				840C42FA2258DABB003C334C /* LaunchScreen.storyboard */,
				840C42FD2258DABB003C334C /* Info.plist */,
				840C43032258DD9C003C334C /* Message.swift */,
				840C43052258DE90003C334C /* Person.swift */,
				840C43072258E08E003C334C /* mock.swift */,
				847A18F6225916980015C4B7 /* User.swift */,
				847A18FE22591EF50015C4B7 /* ChatTableViewCell.swift */,
				847A18FF22591EF50015C4B7 /* ChatTableViewCell.xib */,
				847A1902225943CD0015C4B7 /* UILabelExtension.swift */,
				84F3D6B32259D7E4006B847D /* RootChatListViewContoller.swift */,
				84F3D6B52259D90D006B847D /* RootChatListTableViewCell.swift */,
				84F3D6B62259D90D006B847D /* RootChatListTableViewCell.xib */,
				84F3D6B92259D9FE006B847D /* Chat.swift */,
				D7B315C22260A616007E9DF0 /* HttpFetch.swift */,
				84F2EA8F22611FD7008FAE7C /* ChatModelController.swift */,
			);
			path = MessageAR;
			sourceTree = "<group>";
		};
		84DD082F226C670700ACD28E /* Auth */ = {
			isa = PBXGroup;
			children = (
				844DD794226376C300F4E896 /* AuthViewController.swift */,
				84DD0830226C673000ACD28E /* AuthPanelView.swift */,
			);
			path = Auth;
			sourceTree = "<group>";
		};
/* End PBXGroup section */

/* Begin PBXNativeTarget section */
		840C42ED2258DAB6003C334C /* MessageAR */ = {
			isa = PBXNativeTarget;
			buildConfigurationList = 840C43002258DABB003C334C /* Build configuration list for PBXNativeTarget "MessageAR" */;
			buildPhases = (
				840C42EA2258DAB6003C334C /* Sources */,
				840C42EB2258DAB6003C334C /* Frameworks */,
				840C42EC2258DAB6003C334C /* Resources */,
			);
			buildRules = (
			);
			dependencies = (
			);
			name = MessageAR;
			productName = MessageAR;
			productReference = 840C42EE2258DAB6003C334C /* MessageAR.app */;
			productType = "com.apple.product-type.application";
		};
/* End PBXNativeTarget section */

/* Begin PBXProject section */
		840C42E62258DAB6003C334C /* Project object */ = {
			isa = PBXProject;
			attributes = {
				LastSwiftUpdateCheck = 1000;
				LastUpgradeCheck = 1000;
				ORGANIZATIONNAME = "goncharov denis";
				TargetAttributes = {
					840C42ED2258DAB6003C334C = {
						CreatedOnToolsVersion = 10.0;
					};
				};
			};
			buildConfigurationList = 840C42E92258DAB6003C334C /* Build configuration list for PBXProject "MessageAR" */;
			compatibilityVersion = "Xcode 9.3";
			developmentRegion = en;
			hasScannedForEncodings = 0;
			knownRegions = (
				en,
				Base,
			);
			mainGroup = 840C42E52258DAB6003C334C;
			productRefGroup = 840C42EF2258DAB6003C334C /* Products */;
			projectDirPath = "";
			projectRoot = "";
			targets = (
				840C42ED2258DAB6003C334C /* MessageAR */,
			);
		};
/* End PBXProject section */

/* Begin PBXResourcesBuildPhase section */
		840C42EC2258DAB6003C334C /* Resources */ = {
			isa = PBXResourcesBuildPhase;
			buildActionMask = 2147483647;
			files = (
				840C42FC2258DABB003C334C /* LaunchScreen.storyboard in Resources */,
				84BE3A2F225D2F2400D1C941 /* default.png in Resources */,
				84F3D6B82259D90D006B847D /* RootChatListTableViewCell.xib in Resources */,
				847A190122591EF50015C4B7 /* ChatTableViewCell.xib in Resources */,
				840C42F92258DABB003C334C /* Assets.xcassets in Resources */,
				840C42F72258DAB7003C334C /* Main.storyboard in Resources */,
			);
			runOnlyForDeploymentPostprocessing = 0;
		};
/* End PBXResourcesBuildPhase section */

/* Begin PBXSourcesBuildPhase section */
		840C42EA2258DAB6003C334C /* Sources */ = {
			isa = PBXSourcesBuildPhase;
			buildActionMask = 2147483647;
			files = (
				840C43042258DD9C003C334C /* Message.swift in Sources */,
				84F3D6B72259D90D006B847D /* RootChatListTableViewCell.swift in Sources */,
				847A190022591EF50015C4B7 /* ChatTableViewCell.swift in Sources */,
				840C42F42258DAB6003C334C /* ChatViewController.swift in Sources */,
				D7B315C32260A616007E9DF0 /* HttpFetch.swift in Sources */,
				84F2EA9022611FD7008FAE7C /* ChatModelController.swift in Sources */,
				847A18F7225916980015C4B7 /* User.swift in Sources */,
				84F3D6B42259D7E4006B847D /* RootChatListViewContoller.swift in Sources */,
				84F3D6BA2259D9FE006B847D /* Chat.swift in Sources */,
				847A1903225943CD0015C4B7 /* UILabelExtension.swift in Sources */,
				84DD0831226C673000ACD28E /* AuthPanelView.swift in Sources */,
				844DD795226376C300F4E896 /* AuthViewController.swift in Sources */,
				840C43082258E08E003C334C /* mock.swift in Sources */,
				840C43062258DE90003C334C /* Person.swift in Sources */,
				840C42F22258DAB6003C334C /* AppDelegate.swift in Sources */,
			);
			runOnlyForDeploymentPostprocessing = 0;
		};
/* End PBXSourcesBuildPhase section */

/* Begin PBXVariantGroup section */
		840C42F52258DAB7003C334C /* Main.storyboard */ = {
			isa = PBXVariantGroup;
			children = (
				840C42F62258DAB7003C334C /* Base */,
			);
			name = Main.storyboard;
			sourceTree = "<group>";
		};
		840C42FA2258DABB003C334C /* LaunchScreen.storyboard */ = {
			isa = PBXVariantGroup;
			children = (
				840C42FB2258DABB003C334C /* Base */,
			);
			name = LaunchScreen.storyboard;
			sourceTree = "<group>";
		};
/* End PBXVariantGroup section */

/* Begin XCBuildConfiguration section */
		840C42FE2258DABB003C334C /* Debug */ = {
			isa = XCBuildConfiguration;
			buildSettings = {
				ALWAYS_SEARCH_USER_PATHS = NO;
				CLANG_ANALYZER_NONNULL = YES;
				CLANG_ANALYZER_NUMBER_OBJECT_CONVERSION = YES_AGGRESSIVE;
				CLANG_CXX_LANGUAGE_STANDARD = "gnu++14";
				CLANG_CXX_LIBRARY = "libc++";
				CLANG_ENABLE_MODULES = YES;
				CLANG_ENABLE_OBJC_ARC = YES;
				CLANG_ENABLE_OBJC_WEAK = YES;
				CLANG_WARN_BLOCK_CAPTURE_AUTORELEASING = YES;
				CLANG_WARN_BOOL_CONVERSION = YES;
				CLANG_WARN_COMMA = YES;
				CLANG_WARN_CONSTANT_CONVERSION = YES;
				CLANG_WARN_DEPRECATED_OBJC_IMPLEMENTATIONS = YES;
				CLANG_WARN_DIRECT_OBJC_ISA_USAGE = YES_ERROR;
				CLANG_WARN_DOCUMENTATION_COMMENTS = YES;
				CLANG_WARN_EMPTY_BODY = YES;
				CLANG_WARN_ENUM_CONVERSION = YES;
				CLANG_WARN_INFINITE_RECURSION = YES;
				CLANG_WARN_INT_CONVERSION = YES;
				CLANG_WARN_NON_LITERAL_NULL_CONVERSION = YES;
				CLANG_WARN_OBJC_IMPLICIT_RETAIN_SELF = YES;
				CLANG_WARN_OBJC_LITERAL_CONVERSION = YES;
				CLANG_WARN_OBJC_ROOT_CLASS = YES_ERROR;
				CLANG_WARN_RANGE_LOOP_ANALYSIS = YES;
				CLANG_WARN_STRICT_PROTOTYPES = YES;
				CLANG_WARN_SUSPICIOUS_MOVE = YES;
				CLANG_WARN_UNGUARDED_AVAILABILITY = YES_AGGRESSIVE;
				CLANG_WARN_UNREACHABLE_CODE = YES;
				CLANG_WARN__DUPLICATE_METHOD_MATCH = YES;
				CODE_SIGN_IDENTITY = "iPhone Developer";
				COPY_PHASE_STRIP = NO;
				DEBUG_INFORMATION_FORMAT = dwarf;
				ENABLE_STRICT_OBJC_MSGSEND = YES;
				ENABLE_TESTABILITY = YES;
				GCC_C_LANGUAGE_STANDARD = gnu11;
				GCC_DYNAMIC_NO_PIC = NO;
				GCC_NO_COMMON_BLOCKS = YES;
				GCC_OPTIMIZATION_LEVEL = 0;
				GCC_PREPROCESSOR_DEFINITIONS = (
					"DEBUG=1",
					"$(inherited)",
				);
				GCC_WARN_64_TO_32_BIT_CONVERSION = YES;
				GCC_WARN_ABOUT_RETURN_TYPE = YES_ERROR;
				GCC_WARN_UNDECLARED_SELECTOR = YES;
				GCC_WARN_UNINITIALIZED_AUTOS = YES_AGGRESSIVE;
				GCC_WARN_UNUSED_FUNCTION = YES;
				GCC_WARN_UNUSED_VARIABLE = YES;
				IPHONEOS_DEPLOYMENT_TARGET = 12.0;
				MTL_ENABLE_DEBUG_INFO = INCLUDE_SOURCE;
				MTL_FAST_MATH = YES;
				ONLY_ACTIVE_ARCH = YES;
				SDKROOT = iphoneos;
				SWIFT_ACTIVE_COMPILATION_CONDITIONS = DEBUG;
				SWIFT_OPTIMIZATION_LEVEL = "-Onone";
			};
			name = Debug;
		};
		840C42FF2258DABB003C334C /* Release */ = {
			isa = XCBuildConfiguration;
			buildSettings = {
				ALWAYS_SEARCH_USER_PATHS = NO;
				CLANG_ANALYZER_NONNULL = YES;
				CLANG_ANALYZER_NUMBER_OBJECT_CONVERSION = YES_AGGRESSIVE;
				CLANG_CXX_LANGUAGE_STANDARD = "gnu++14";
				CLANG_CXX_LIBRARY = "libc++";
				CLANG_ENABLE_MODULES = YES;
				CLANG_ENABLE_OBJC_ARC = YES;
				CLANG_ENABLE_OBJC_WEAK = YES;
				CLANG_WARN_BLOCK_CAPTURE_AUTORELEASING = YES;
				CLANG_WARN_BOOL_CONVERSION = YES;
				CLANG_WARN_COMMA = YES;
				CLANG_WARN_CONSTANT_CONVERSION = YES;
				CLANG_WARN_DEPRECATED_OBJC_IMPLEMENTATIONS = YES;
				CLANG_WARN_DIRECT_OBJC_ISA_USAGE = YES_ERROR;
				CLANG_WARN_DOCUMENTATION_COMMENTS = YES;
				CLANG_WARN_EMPTY_BODY = YES;
				CLANG_WARN_ENUM_CONVERSION = YES;
				CLANG_WARN_INFINITE_RECURSION = YES;
				CLANG_WARN_INT_CONVERSION = YES;
				CLANG_WARN_NON_LITERAL_NULL_CONVERSION = YES;
				CLANG_WARN_OBJC_IMPLICIT_RETAIN_SELF = YES;
				CLANG_WARN_OBJC_LITERAL_CONVERSION = YES;
				CLANG_WARN_OBJC_ROOT_CLASS = YES_ERROR;
				CLANG_WARN_RANGE_LOOP_ANALYSIS = YES;
				CLANG_WARN_STRICT_PROTOTYPES = YES;
				CLANG_WARN_SUSPICIOUS_MOVE = YES;
				CLANG_WARN_UNGUARDED_AVAILABILITY = YES_AGGRESSIVE;
				CLANG_WARN_UNREACHABLE_CODE = YES;
				CLANG_WARN__DUPLICATE_METHOD_MATCH = YES;
				CODE_SIGN_IDENTITY = "iPhone Developer";
				COPY_PHASE_STRIP = NO;
				DEBUG_INFORMATION_FORMAT = "dwarf-with-dsym";
				ENABLE_NS_ASSERTIONS = NO;
				ENABLE_STRICT_OBJC_MSGSEND = YES;
				GCC_C_LANGUAGE_STANDARD = gnu11;
				GCC_NO_COMMON_BLOCKS = YES;
				GCC_WARN_64_TO_32_BIT_CONVERSION = YES;
				GCC_WARN_ABOUT_RETURN_TYPE = YES_ERROR;
				GCC_WARN_UNDECLARED_SELECTOR = YES;
				GCC_WARN_UNINITIALIZED_AUTOS = YES_AGGRESSIVE;
				GCC_WARN_UNUSED_FUNCTION = YES;
				GCC_WARN_UNUSED_VARIABLE = YES;
				IPHONEOS_DEPLOYMENT_TARGET = 12.0;
				MTL_ENABLE_DEBUG_INFO = NO;
				MTL_FAST_MATH = YES;
				SDKROOT = iphoneos;
				SWIFT_COMPILATION_MODE = wholemodule;
				SWIFT_OPTIMIZATION_LEVEL = "-O";
				VALIDATE_PRODUCT = YES;
			};
			name = Release;
		};
		840C43012258DABB003C334C /* Debug */ = {
			isa = XCBuildConfiguration;
			buildSettings = {
				ASSETCATALOG_COMPILER_APPICON_NAME = AppIcon;
				CODE_SIGN_STYLE = Automatic;
				DEVELOPMENT_TEAM = 27Q4D7MK33;
				INFOPLIST_FILE = MessageAR/Info.plist;
				IPHONEOS_DEPLOYMENT_TARGET = 11.4;
				LD_RUNPATH_SEARCH_PATHS = (
					"$(inherited)",
					"@executable_path/Frameworks",
				);
				PRODUCT_BUNDLE_IDENTIFIER = goncharov.denis.MessageAR;
				PRODUCT_NAME = "$(TARGET_NAME)";
				SWIFT_VERSION = 4.2;
				TARGETED_DEVICE_FAMILY = "1,2";
			};
			name = Debug;
		};
		840C43022258DABB003C334C /* Release */ = {
			isa = XCBuildConfiguration;
			buildSettings = {
				ASSETCATALOG_COMPILER_APPICON_NAME = AppIcon;
				CODE_SIGN_STYLE = Automatic;
				DEVELOPMENT_TEAM = 27Q4D7MK33;
				INFOPLIST_FILE = MessageAR/Info.plist;
				IPHONEOS_DEPLOYMENT_TARGET = 11.4;
				LD_RUNPATH_SEARCH_PATHS = (
					"$(inherited)",
					"@executable_path/Frameworks",
				);
				PRODUCT_BUNDLE_IDENTIFIER = goncharov.denis.MessageAR;
				PRODUCT_NAME = "$(TARGET_NAME)";
				SWIFT_VERSION = 4.2;
				TARGETED_DEVICE_FAMILY = "1,2";
			};
			name = Release;
		};
/* End XCBuildConfiguration section */

/* Begin XCConfigurationList section */
		840C42E92258DAB6003C334C /* Build configuration list for PBXProject "MessageAR" */ = {
			isa = XCConfigurationList;
			buildConfigurations = (
				840C42FE2258DABB003C334C /* Debug */,
				840C42FF2258DABB003C334C /* Release */,
			);
			defaultConfigurationIsVisible = 0;
			defaultConfigurationName = Release;
		};
		840C43002258DABB003C334C /* Build configuration list for PBXNativeTarget "MessageAR" */ = {
			isa = XCConfigurationList;
			buildConfigurations = (
				840C43012258DABB003C334C /* Debug */,
				840C43022258DABB003C334C /* Release */,
			);
			defaultConfigurationIsVisible = 0;
			defaultConfigurationName = Release;
		};
/* End XCConfigurationList section */
	};
	rootObject = 840C42E62258DAB6003C334C /* Project object */;
}
